PODS:
  - Capacitor (5.6.0):
    - CapacitorCordova
  - CapacitorCordova (5.6.0)
  - CapacitorFilesystem (5.2.0):
    - Capacitor
  - CapawesomeTeamCapacitorFileOpener (5.0.4):
    - Capacitor

DEPENDENCIES:
  - "Capacitor (from `../../node_modules/@capacitor/ios`)"
  - "CapacitorCordova (from `../../node_modules/@capacitor/ios`)"
  - "CapacitorFilesystem (from `../../node_modules/@capacitor/filesystem`)"
  - "CapawesomeTeamCapacitorFileOpener (from `../../node_modules/@capawesome-team/capacitor-file-opener`)"

EXTERNAL SOURCES:
  Capacitor:
    :path: "../../node_modules/@capacitor/ios"
  CapacitorCordova:
    :path: "../../node_modules/@capacitor/ios"
  CapacitorFilesystem:
    :path: "../../node_modules/@capacitor/filesystem"
  CapawesomeTeamCapacitorFileOpener:
    :path: "../../node_modules/@capawesome-team/capacitor-file-opener"

SPEC CHECKSUMS:
  Capacitor: ebfc16cdb8116d04c101686b080342872da42d43
  CapacitorCordova: 931b48fcdbc9bc985fc2f16cec9f77c794a27729
  CapacitorFilesystem: 02f9a9053b96e1881ba1fc98d846869413c195c2
  CapawesomeTeamCapacitorFileOpener: 4f6cb29ee321173263d438d23cf7dd2c2be649a2

PODFILE CHECKSUM: 4799f186055b2f7b21e5c6f2e329b7294a594b63

COCOAPODS: 1.12.0
